
Microsoft Visual Studio Solution File, Format Version 12.00
# Visual Studio Version 17
VisualStudioVersion = 17.8.34330.188
MinimumVisualStudioVersion = 10.0.40219.1
Project("{FAE04EC0-301F-11D3-BF4B-00C04F79EFBC}") = "CS200_Windows_Form138", "CS200_Windows_Form138\CS200_Windows_Form138.csproj", "{E0770C7D-CC0E-4212-A138-42D293EAEAE1}"
EndProject
Global
	GlobalSection(SolutionConfigurationPlatforms) = preSolution
		Debug|Any CPU = Debug|Any CPU
		Release|Any CPU = Release|Any CPU
	EndGlobalSection
	GlobalSection(ProjectConfigurationPlatforms) = postSolution
		{E0770C7D-CC0E-4212-A138-42D293EAEAE1}.Debug|Any CPU.ActiveCfg = Debug|Any CPU
		{E0770C7D-CC0E-4212-A138-42D293EAEAE1}.Debug|Any CPU.Build.0 = Debug|Any CPU
		{E0770C7D-CC0E-4212-A138-42D293EAEAE1}.Release|Any CPU.ActiveCfg = Release|Any CPU
		{E0770C7D-CC0E-4212-A138-42D293EAEAE1}.Release|Any CPU.Build.0 = Release|Any CPU
	EndGlobalSection
	GlobalSection(SolutionProperties) = preSolution
		HideSolutionNode = FALSE
	EndGlobalSection
	GlobalSection(ExtensibilityGlobals) = postSolution
		SolutionGuid = {EC96F0F4-2BD3-4006-86DC-0E53609B0F53}
	EndGlobalSection
EndGlobal
