
Microsoft Visual Studio Solution File, Format Version 12.00
# Visual Studio Version 17
VisualStudioVersion = 17.8.34330.188
MinimumVisualStudioVersion = 10.0.40219.1
Project("{FAE04EC0-301F-11D3-BF4B-00C04F79EFBC}") = "CS200_Windows_Form134", "CS200_Windows_Form134\CS200_Windows_Form134.csproj", "{2A32C3AA-754F-4A03-A76E-55FCFE8460A3}"
EndProject
Global
	GlobalSection(SolutionConfigurationPlatforms) = preSolution
		Debug|Any CPU = Debug|Any CPU
		Release|Any CPU = Release|Any CPU
	EndGlobalSection
	GlobalSection(ProjectConfigurationPlatforms) = postSolution
		{2A32C3AA-754F-4A03-A76E-55FCFE8460A3}.Debug|Any CPU.ActiveCfg = Debug|Any CPU
		{2A32C3AA-754F-4A03-A76E-55FCFE8460A3}.Debug|Any CPU.Build.0 = Debug|Any CPU
		{2A32C3AA-754F-4A03-A76E-55FCFE8460A3}.Release|Any CPU.ActiveCfg = Release|Any CPU
		{2A32C3AA-754F-4A03-A76E-55FCFE8460A3}.Release|Any CPU.Build.0 = Release|Any CPU
	EndGlobalSection
	GlobalSection(SolutionProperties) = preSolution
		HideSolutionNode = FALSE
	EndGlobalSection
	GlobalSection(ExtensibilityGlobals) = postSolution
		SolutionGuid = {A5B8E567-AC40-4067-AF6C-B811DD021796}
	EndGlobalSection
EndGlobal
