
Microsoft Visual Studio Solution File, Format Version 12.00
# Visual Studio Version 17
VisualStudioVersion = 17.8.34330.188
MinimumVisualStudioVersion = 10.0.40219.1
Project("{FAE04EC0-301F-11D3-BF4B-00C04F79EFBC}") = "CS200_WPF169", "CS200_WPF169\CS200_WPF169.csproj", "{8C175C7A-E088-421E-8E8F-575B5EEBB09F}"
EndProject
Global
	GlobalSection(SolutionConfigurationPlatforms) = preSolution
		Debug|Any CPU = Debug|Any CPU
		Release|Any CPU = Release|Any CPU
	EndGlobalSection
	GlobalSection(ProjectConfigurationPlatforms) = postSolution
		{8C175C7A-E088-421E-8E8F-575B5EEBB09F}.Debug|Any CPU.ActiveCfg = Debug|Any CPU
		{8C175C7A-E088-421E-8E8F-575B5EEBB09F}.Debug|Any CPU.Build.0 = Debug|Any CPU
		{8C175C7A-E088-421E-8E8F-575B5EEBB09F}.Release|Any CPU.ActiveCfg = Release|Any CPU
		{8C175C7A-E088-421E-8E8F-575B5EEBB09F}.Release|Any CPU.Build.0 = Release|Any CPU
	EndGlobalSection
	GlobalSection(SolutionProperties) = preSolution
		HideSolutionNode = FALSE
	EndGlobalSection
	GlobalSection(ExtensibilityGlobals) = postSolution
		SolutionGuid = {F625C602-37DD-4D22-B22B-FD0651694954}
	EndGlobalSection
EndGlobal
