
Microsoft Visual Studio Solution File, Format Version 12.00
# Visual Studio Version 17
VisualStudioVersion = 17.8.34330.188
MinimumVisualStudioVersion = 10.0.40219.1
Project("{FAE04EC0-301F-11D3-BF4B-00C04F79EFBC}") = "CS200_Windows_Form154", "CS200_Windows_Form154\CS200_Windows_Form154.csproj", "{2630AB1D-EEF8-4847-827D-39FA1913D088}"
EndProject
Global
	GlobalSection(SolutionConfigurationPlatforms) = preSolution
		Debug|Any CPU = Debug|Any CPU
		Release|Any CPU = Release|Any CPU
	EndGlobalSection
	GlobalSection(ProjectConfigurationPlatforms) = postSolution
		{2630AB1D-EEF8-4847-827D-39FA1913D088}.Debug|Any CPU.ActiveCfg = Debug|Any CPU
		{2630AB1D-EEF8-4847-827D-39FA1913D088}.Debug|Any CPU.Build.0 = Debug|Any CPU
		{2630AB1D-EEF8-4847-827D-39FA1913D088}.Release|Any CPU.ActiveCfg = Release|Any CPU
		{2630AB1D-EEF8-4847-827D-39FA1913D088}.Release|Any CPU.Build.0 = Release|Any CPU
	EndGlobalSection
	GlobalSection(SolutionProperties) = preSolution
		HideSolutionNode = FALSE
	EndGlobalSection
	GlobalSection(ExtensibilityGlobals) = postSolution
		SolutionGuid = {891BFA56-CB0D-42C7-A167-07C2BBEC662E}
	EndGlobalSection
EndGlobal
