
Microsoft Visual Studio Solution File, Format Version 12.00
# Visual Studio Version 17
VisualStudioVersion = 17.8.34330.188
MinimumVisualStudioVersion = 10.0.40219.1
Project("{FAE04EC0-301F-11D3-BF4B-00C04F79EFBC}") = "CS200_WPF164", "CS200_WPF164\CS200_WPF164.csproj", "{FDF701E9-54F9-40F6-B44F-58CD23C2B7DA}"
EndProject
Global
	GlobalSection(SolutionConfigurationPlatforms) = preSolution
		Debug|Any CPU = Debug|Any CPU
		Release|Any CPU = Release|Any CPU
	EndGlobalSection
	GlobalSection(ProjectConfigurationPlatforms) = postSolution
		{FDF701E9-54F9-40F6-B44F-58CD23C2B7DA}.Debug|Any CPU.ActiveCfg = Debug|Any CPU
		{FDF701E9-54F9-40F6-B44F-58CD23C2B7DA}.Debug|Any CPU.Build.0 = Debug|Any CPU
		{FDF701E9-54F9-40F6-B44F-58CD23C2B7DA}.Release|Any CPU.ActiveCfg = Release|Any CPU
		{FDF701E9-54F9-40F6-B44F-58CD23C2B7DA}.Release|Any CPU.Build.0 = Release|Any CPU
	EndGlobalSection
	GlobalSection(SolutionProperties) = preSolution
		HideSolutionNode = FALSE
	EndGlobalSection
	GlobalSection(ExtensibilityGlobals) = postSolution
		SolutionGuid = {878FF208-9FDF-4301-B95A-582E586348DF}
	EndGlobalSection
EndGlobal
