
Microsoft Visual Studio Solution File, Format Version 12.00
# Visual Studio Version 17
VisualStudioVersion = 17.8.34330.188
MinimumVisualStudioVersion = 10.0.40219.1
Project("{FAE04EC0-301F-11D3-BF4B-00C04F79EFBC}") = "CS200_Windows_Form152", "CS200_Windows_Form152\CS200_Windows_Form152.csproj", "{DA6D420A-BD24-490D-AB7E-BFAC90E98291}"
EndProject
Global
	GlobalSection(SolutionConfigurationPlatforms) = preSolution
		Debug|Any CPU = Debug|Any CPU
		Release|Any CPU = Release|Any CPU
	EndGlobalSection
	GlobalSection(ProjectConfigurationPlatforms) = postSolution
		{DA6D420A-BD24-490D-AB7E-BFAC90E98291}.Debug|Any CPU.ActiveCfg = Debug|Any CPU
		{DA6D420A-BD24-490D-AB7E-BFAC90E98291}.Debug|Any CPU.Build.0 = Debug|Any CPU
		{DA6D420A-BD24-490D-AB7E-BFAC90E98291}.Release|Any CPU.ActiveCfg = Release|Any CPU
		{DA6D420A-BD24-490D-AB7E-BFAC90E98291}.Release|Any CPU.Build.0 = Release|Any CPU
	EndGlobalSection
	GlobalSection(SolutionProperties) = preSolution
		HideSolutionNode = FALSE
	EndGlobalSection
	GlobalSection(ExtensibilityGlobals) = postSolution
		SolutionGuid = {2D2016E1-32C2-4FAC-9461-13229F450A55}
	EndGlobalSection
EndGlobal
