
Microsoft Visual Studio Solution File, Format Version 12.00
# Visual Studio Version 17
VisualStudioVersion = 17.8.34330.188
MinimumVisualStudioVersion = 10.0.40219.1
Project("{FAE04EC0-301F-11D3-BF4B-00C04F79EFBC}") = "CS200_Windows_Form175", "CS200_Windows_Form175\CS200_Windows_Form175.csproj", "{345BCDAA-18D8-4897-ABF7-9FC5F8442A28}"
EndProject
Global
	GlobalSection(SolutionConfigurationPlatforms) = preSolution
		Debug|Any CPU = Debug|Any CPU
		Release|Any CPU = Release|Any CPU
	EndGlobalSection
	GlobalSection(ProjectConfigurationPlatforms) = postSolution
		{345BCDAA-18D8-4897-ABF7-9FC5F8442A28}.Debug|Any CPU.ActiveCfg = Debug|Any CPU
		{345BCDAA-18D8-4897-ABF7-9FC5F8442A28}.Debug|Any CPU.Build.0 = Debug|Any CPU
		{345BCDAA-18D8-4897-ABF7-9FC5F8442A28}.Release|Any CPU.ActiveCfg = Release|Any CPU
		{345BCDAA-18D8-4897-ABF7-9FC5F8442A28}.Release|Any CPU.Build.0 = Release|Any CPU
	EndGlobalSection
	GlobalSection(SolutionProperties) = preSolution
		HideSolutionNode = FALSE
	EndGlobalSection
	GlobalSection(ExtensibilityGlobals) = postSolution
		SolutionGuid = {EC668CCC-82CC-4C83-9D5C-49BC36986946}
	EndGlobalSection
EndGlobal
