
Microsoft Visual Studio Solution File, Format Version 12.00
# Visual Studio Version 17
VisualStudioVersion = 17.8.34330.188
MinimumVisualStudioVersion = 10.0.40219.1
Project("{FAE04EC0-301F-11D3-BF4B-00C04F79EFBC}") = "CS200_Windows_Form139", "CS200_Windows_Form139\CS200_Windows_Form139.csproj", "{5D4CB2E7-542F-4203-ADE3-1ADF0181F453}"
EndProject
Global
	GlobalSection(SolutionConfigurationPlatforms) = preSolution
		Debug|Any CPU = Debug|Any CPU
		Release|Any CPU = Release|Any CPU
	EndGlobalSection
	GlobalSection(ProjectConfigurationPlatforms) = postSolution
		{5D4CB2E7-542F-4203-ADE3-1ADF0181F453}.Debug|Any CPU.ActiveCfg = Debug|Any CPU
		{5D4CB2E7-542F-4203-ADE3-1ADF0181F453}.Debug|Any CPU.Build.0 = Debug|Any CPU
		{5D4CB2E7-542F-4203-ADE3-1ADF0181F453}.Release|Any CPU.ActiveCfg = Release|Any CPU
		{5D4CB2E7-542F-4203-ADE3-1ADF0181F453}.Release|Any CPU.Build.0 = Release|Any CPU
	EndGlobalSection
	GlobalSection(SolutionProperties) = preSolution
		HideSolutionNode = FALSE
	EndGlobalSection
	GlobalSection(ExtensibilityGlobals) = postSolution
		SolutionGuid = {43D1DC0B-F8E6-431C-BFB8-E1599063E298}
	EndGlobalSection
EndGlobal
