
Microsoft Visual Studio Solution File, Format Version 12.00
# Visual Studio Version 17
VisualStudioVersion = 17.8.34330.188
MinimumVisualStudioVersion = 10.0.40219.1
Project("{FAE04EC0-301F-11D3-BF4B-00C04F79EFBC}") = "CS200_Windows_Form170", "CS200_Windows_Form170\CS200_Windows_Form170.csproj", "{1B2AAEEA-EE0C-4B01-9124-2D7C155F0CD5}"
EndProject
Global
	GlobalSection(SolutionConfigurationPlatforms) = preSolution
		Debug|Any CPU = Debug|Any CPU
		Release|Any CPU = Release|Any CPU
	EndGlobalSection
	GlobalSection(ProjectConfigurationPlatforms) = postSolution
		{1B2AAEEA-EE0C-4B01-9124-2D7C155F0CD5}.Debug|Any CPU.ActiveCfg = Debug|Any CPU
		{1B2AAEEA-EE0C-4B01-9124-2D7C155F0CD5}.Debug|Any CPU.Build.0 = Debug|Any CPU
		{1B2AAEEA-EE0C-4B01-9124-2D7C155F0CD5}.Release|Any CPU.ActiveCfg = Release|Any CPU
		{1B2AAEEA-EE0C-4B01-9124-2D7C155F0CD5}.Release|Any CPU.Build.0 = Release|Any CPU
	EndGlobalSection
	GlobalSection(SolutionProperties) = preSolution
		HideSolutionNode = FALSE
	EndGlobalSection
	GlobalSection(ExtensibilityGlobals) = postSolution
		SolutionGuid = {3C34BFF1-FFD7-4BCF-8C3C-66F1117F8DBE}
	EndGlobalSection
EndGlobal
