
Microsoft Visual Studio Solution File, Format Version 12.00
# Visual Studio Version 17
VisualStudioVersion = 17.8.34330.188
MinimumVisualStudioVersion = 10.0.40219.1
Project("{FAE04EC0-301F-11D3-BF4B-00C04F79EFBC}") = "CS200_Windows_Form135", "CS200_Windows_Form135\CS200_Windows_Form135.csproj", "{47F9E8B7-9A0B-4E16-A7D7-62222E8A3100}"
EndProject
Global
	GlobalSection(SolutionConfigurationPlatforms) = preSolution
		Debug|Any CPU = Debug|Any CPU
		Release|Any CPU = Release|Any CPU
	EndGlobalSection
	GlobalSection(ProjectConfigurationPlatforms) = postSolution
		{47F9E8B7-9A0B-4E16-A7D7-62222E8A3100}.Debug|Any CPU.ActiveCfg = Debug|Any CPU
		{47F9E8B7-9A0B-4E16-A7D7-62222E8A3100}.Debug|Any CPU.Build.0 = Debug|Any CPU
		{47F9E8B7-9A0B-4E16-A7D7-62222E8A3100}.Release|Any CPU.ActiveCfg = Release|Any CPU
		{47F9E8B7-9A0B-4E16-A7D7-62222E8A3100}.Release|Any CPU.Build.0 = Release|Any CPU
	EndGlobalSection
	GlobalSection(SolutionProperties) = preSolution
		HideSolutionNode = FALSE
	EndGlobalSection
	GlobalSection(ExtensibilityGlobals) = postSolution
		SolutionGuid = {4F4F2E61-2A19-4A08-8211-BF6BC5412522}
	EndGlobalSection
EndGlobal
