
Microsoft Visual Studio Solution File, Format Version 12.00
# Visual Studio Version 17
VisualStudioVersion = 17.8.34330.188
MinimumVisualStudioVersion = 10.0.40219.1
Project("{FAE04EC0-301F-11D3-BF4B-00C04F79EFBC}") = "CS200_WPF179", "CS200_WPF179\CS200_WPF179.csproj", "{7FF20834-D447-4CE9-B05D-637BAECCE750}"
EndProject
Global
	GlobalSection(SolutionConfigurationPlatforms) = preSolution
		Debug|Any CPU = Debug|Any CPU
		Release|Any CPU = Release|Any CPU
	EndGlobalSection
	GlobalSection(ProjectConfigurationPlatforms) = postSolution
		{7FF20834-D447-4CE9-B05D-637BAECCE750}.Debug|Any CPU.ActiveCfg = Debug|Any CPU
		{7FF20834-D447-4CE9-B05D-637BAECCE750}.Debug|Any CPU.Build.0 = Debug|Any CPU
		{7FF20834-D447-4CE9-B05D-637BAECCE750}.Release|Any CPU.ActiveCfg = Release|Any CPU
		{7FF20834-D447-4CE9-B05D-637BAECCE750}.Release|Any CPU.Build.0 = Release|Any CPU
	EndGlobalSection
	GlobalSection(SolutionProperties) = preSolution
		HideSolutionNode = FALSE
	EndGlobalSection
	GlobalSection(ExtensibilityGlobals) = postSolution
		SolutionGuid = {384AE8C6-7715-4BAA-BCC9-761355C20216}
	EndGlobalSection
EndGlobal
